version: 1

database settings:
    static catalogues:
        db: crossmatch_catalogues
        host: 127.0.0.1
        user: pessto
        password: p355t0
        sshPort: True

    # transients:
    #     user: pessto
    #     password: p355t0
    #     db: ps13pipublic
    #     host: 127.0.0.1
    #     transient table: tcs_transient_objects
    #     transient query: "select id as 'id', followup_id as 'alt_id', ra_psf 'ra', dec_psf 'dec', local_designation 'name', object_classification as 'object_classification'
    #         from tcs_transient_objects
    #         where detection_list_id = 2
    #         and object_classification is null
    #         order by followup_id"
    #     transient primary id column: id
    #     transient classification column: object_classification

    transients:
        user: pessto
        password: p355t0
        db: pessto_marshall_sandbox
        host: 127.0.0.1
        transient table: transientBucket
        transient query: "select primaryKeyId as 'id', t.transientBucketId as 'alt_id', raDeg 'ra', decDeg 'dec', name 'name', sherlockClassification as 'object_classification'
            from transientBucket t, pesstoObjects p
            where t.transientBucketId=p.transientBucketId
            and masterIdFlag = 1 and (p.marshallWorkflowLocation = 'following' or p.marshallWorkflowLocation = 'pending observation')"
        transient query: "select primaryKeyId as 'id', t.transientBucketId as 'alt_id', raDeg 'ra', decDeg 'dec', name 'name', sherlockClassification as 'object_classification'
            from transientBucket t, pesstoObjects p
            where t.transientBucketId=p.transientBucketId
            and masterIdFlag = 1 and (t.transientBucketId = 1012390)"
        # transient query: "select primaryKeyId as 'id', t.transientBucketId as 'alt_id', raDeg 'ra', decDeg 'dec', name 'name', sherlockClassification as 'object_classification'
        #     from transientBucket t, pesstoObjects p
        #     where t.transientBucketId=p.transientBucketId and
        #     sherlockClassification is null
        #     and masterIdFlag = 1 limit 2000"
        transient primary id column: primaryKeyId
        transient classification column: sherlockClassification
        crossmatchTable: tcs_cross_matches
        sshPort: False

    pessto marshall:
        user: pessto
        password: p355t0
        db: pessto_marshall_sandbox
        host: 127.0.0.1
        sshPort: False


# SSH TUNNEL - if a tunnel is required to connect to the database(s) then add setup here
# Note only one tunnel is setup - may need to change this to 2 tunnels in the future if 
# code, static catalogue database and transient database are all on seperate machines.
ssh tunnel:
    use tunnel: True   # True | False
    remote user: dry
    remote ip: starbase.mp.qub.ac.uk
    remote datbase host: pesstovm02
    port: 9002


# IFS Galaxies
ifs galaxies url: "http://www.das.uchile.cl/~lgalbany/GALBANY_PESSTO_ENV"


htmLevel: 16 # 16 or 20
ned stream search radius arcec: 300
first pass ned search radius arcec: 240
ned stream refresh rate in days: 90
galaxy radius stetch factor: 1.2


search algorithm:
    downes cv:
        angular radius arcsec: 0.5
        transient classification: CV
        database table: tcs_view_cv_downes_cataclysmic_variables_final
        stop algorithm on match: False
        match nearest source only: False
    ritter binaries:
        angular radius arcsec: 0.5
        transient classification: CV
        database table: tcs_view_cb_ritter_cataclysmic_binaries_v7_21
        stop algorithm on match: False
        match nearest source only: False
    sdss qso:
        angular radius arcsec: 2.0
        transient classification: AGN
        database table: tcs_view_qso_sdss_spect_galaxies_qsos_dr12
        stop algorithm on match: False
        match nearest source only: False
    milliquas:
        angular radius arcsec: 2.0
        transient classification: AGN
        database table: tcs_view_agn_milliquas_v4_5
        stop algorithm on match: False
        match nearest source only: False
    veron:
        angular radius arcsec: 2.0
        transient classification: AGN
        database table: tcs_view_agn_veron_v13
        stop algorithm on match: False
        match nearest source only: False
    ned_d spec nt:
        angular radius arcsec: 3.0
        physical radius kpc: 0.5
        transient classification: NT
        database table: tcs_view_galaxy_ned_d_v10_2_0
        stop algorithm on match: False
        match nearest source only: False
    ned qso:
        angular radius arcsec: 2.0
        transient classification: AGN
        database table: tcs_view_agn_ned_stream
        stop algorithm on match: False
        match nearest source only: False
    ned phot nt:
        angular radius arcsec: 0.5
        transient classification: NT
        database table: tcs_view_galaxy_ned_stream
        stop algorithm on match: False
        match nearest source only: False
    ned spec nt:
        angular radius arcsec: 3.0
        physical radius kpc: 0.5
        transient classification: NT
        database table: tcs_view_galaxy_ned_stream
        stop algorithm on match: False
        match nearest source only: False
    ned_d spec sn:
        angular radius arcsec: 240.0
        physical radius kpc: 30.0
        or within semi major axis: True
        transient classification: SN
        database table: tcs_view_galaxy_ned_d_v10_2_0
        stop algorithm on match: False
        match nearest source only: False
    sdss spec nt:
        angular radius arcsec: 3.0
        physical radius kpc: 0.5
        transient classification: NT
        database table: tcs_view_galaxy_sdss_spect_galaxies_qsos_dr12
        stop algorithm on match: False
        match nearest source only: False
    sdss phot nt: 
        angular radius arcsec: 0.5
        transient classification: NT
        database table: tcs_view_galaxy_sdss_photo_stars_galaxies_dr12
        stop algorithm on match: False
        match nearest source only: False
    ned spec sn:
        angular radius arcsec: 240.0
        physical radius kpc: 30.0
        or within semi major axis: True
        transient classification: SN
        database table: tcs_view_galaxy_ned_stream
        stop algorithm on match: False
        match nearest source only: False
    sdss spec sn:
        angular radius arcsec: 240.0
        physical radius kpc: 30.0
        or within semi major axis: True
        transient classification: SN
        database table: tcs_view_galaxy_sdss_spect_galaxies_qsos_dr12
        stop algorithm on match: False
        match nearest source only: False
    ned phot sn:
        angular radius arcsec: 20.0
        transient classification: SN
        database table: tcs_view_galaxy_ned_stream
        stop algorithm on match: False
        match nearest source only: False
    sdss phot sn:
        angular radius arcsec: 20.0
        transient classification: SN
        database table: tcs_view_galaxy_sdss_photo_stars_galaxies_dr12
        stop algorithm on match: False
        match nearest source only: False
    sdss faint stars sn:
        angular radius arcsec: 20.0
        transient classification: SN
        database table: tcs_view_star_sdss_photo_stars_galaxies_dr12
        faint mag column: petroMag_r
        faint limit: 21.0
        filter names: 
            - u
            - g
            - r
            - i
            - z
        mag columns: 
            - petroMag_u
            - petroMag_g
            - petroMag_r
            - petroMag_i
            - petroMag_z
        mag err columns: 
            -petroMagErr_u
            - petroMagErr_g
            - petroMagErr_r
            - petroMagErr_i
            - petroMagErr_z
        stop algorithm on match: False
        match nearest source only: False
    2mass faint stars sn:
        angular radius arcsec: 1.0
        transient classification: SN
        database table: tcs_view_star_2mass_psc_final
        faint mag column: j_m
        faint limit: 18.0
        filter names: 
            - J
            - H
            - K
        mag columns: 
            - j_m
            - h_m
            - k_m
        mag err columns: 
            - j_cmsig
            - h_cmsig
            - k_cmsig
        stop algorithm on match: False
        match nearest source only: False
    gsc faint stars sn:
        angular radius arcsec: 1.0
        transient classification: SN
        database table: tcs_view_star_guide_star_catalogue_v2_3
        faint mag column: VMag
        faint limit: 20.0
        filter names: 
            - U
            - B
            - V
            - R
            - I
        mag columns: 
            - UMag
            - VMag
            - BMag
            - RMag
            - IMag
        mag err columns: 
            - UMagErr
            - VMagErr
            - BMagErr
            - RMagErr
            - IMagErr
        stop algorithm on match: False
        match nearest source only: False
    ps1 ubercal star:
        angular radius arcsec: 1.0
        transient classification: VARIABLESTAR
        database table: tcs_view_star_ps1_ubercal_stars_v1
        stop algorithm on match: False
        match nearest source only: False
    sdss star:
        angular radius arcsec: 1.0
        transient classification: VARIABLESTAR
        database table: tcs_view_star_sdss_photo_stars_galaxies_dr12
        stop algorithm on match: False
        match nearest source only: False
    2mass star:
        angular radius arcsec: 1.0
        transient classification: VARIABLESTAR
        database table: tcs_view_star_2mass_psc_final
        stop algorithm on match: False
        match nearest source only: False
    gsc star:
        angular radius arcsec: 1.0
        transient classification: VARIABLESTAR
        database table: tcs_view_star_guide_star_catalogue_v2_3
        stop algorithm on match: False
        match nearest source only: False
    ned spec other:
        angular radius arcsec: 240.0
        physical radius kpc: 30.0
        or within semi major axis: True
        transient classification: "?"
        database table: tcs_view_other_ned_stream
        stop algorithm on match: False
        match nearest source only: False
    ned phot other:
        angular radius arcsec: 20.0
        transient classification: "?"
        database table: tcs_view_other_ned_stream
        stop algorithm on match: False
        match nearest source only: False
    ifs galaxies phot:
        angular radius arcsec: 20.0
        transient classification: SN
        database table: tcs_view_galaxy_ifs_stream
        stop algorithm on match: False
        match nearest source only: False
    ifs galaxies phot sn:
        angular radius arcsec: 20.0
        transient classification: SN
        database table: tcs_view_galaxy_ifs_stream
        stop algorithm on match: False
        match nearest source only: False
    ifs galaxies spec sn:
        angular radius arcsec: 240.0
        physical radius kpc: 30.0
        transient classification: SN
        database table: tcs_view_galaxy_ifs_stream
        stop algorithm on match: False
        match nearest source only: False


supplementary search:
    kepler galaxy:
        angular radius arcsec: 30.0
        transient classification: KEPLER
        database table: tcs_view_galaxy_kepler_k2
        stop algorithm on match: False
        match nearest source only: False


sherlock wiki root: /Users/Dave/gh-wikis/sherlock.wiki/

logging settings:
    formatters:
        file_style:
            format: '* %(asctime)s - %(name)s - %(levelname)s (%(pathname)s > %(funcName)s > %(lineno)d) - %(message)s  '
            datefmt: '%Y/%m/%d %H:%M:%S'
        console_style:
            format: '* %(asctime)s - %(levelname)s: %(pathname)s:%(funcName)s:%(lineno)d > %(message)s'
            datefmt: '%H:%M:%S'
        html_style:
            format: '<div id="row" class="%(levelname)s"><span class="date">%(asctime)s</span>   <span class="label">file:</span><span class="filename">%(filename)s</span>   <span class="label">method:</span><span class="funcName">%(funcName)s</span>   <span class="label">line#:</span><span class="lineno">%(lineno)d</span> <span class="pathname">%(pathname)s</span>  <div class="right"><span class="message">%(message)s</span><span class="levelname">%(levelname)s</span></div></div>'
            datefmt: '%Y-%m-%d <span class= "time">%H:%M <span class= "seconds">%Ss</span></span>'
    handlers:
        console:
            class: logging.StreamHandler
            level: WARNING
            formatter: console_style
            stream: ext://sys.stdout
        file:
            class: logging.FileHandler
            level: DEBUG
            formatter: file_style
            filename: /Users/Dave/.config/sherlock/sherlock.log
            mode: w+
    root:
        level: INFO
        handlers: [file,console]


